
Microsoft Visual Studio Solution File, Format Version 12.00
# Visual Studio Version 16
VisualStudioVersion = 16.0.30503.244
MinimumVisualStudioVersion = 10.0.40219.1
Project("{8BC9CEB8-8B4A-11D0-8D11-00A0C91BC942}") = "Opencv_Halcon", "Opencv_Halcon\Opencv_Halcon.vcxproj", "{C58ACCA1-E766-4EFD-A002-D17C400ACC0D}"
EndProject
Global
	GlobalSection(SolutionConfigurationPlatforms) = preSolution
		Debug|Win32 = Debug|Win32
		Debug|x64 = Debug|x64
		Release|Win32 = Release|Win32
		Release|x64 = Release|x64
	EndGlobalSection
	GlobalSection(ProjectConfigurationPlatforms) = postSolution
		{C58ACCA1-E766-4EFD-A002-D17C400ACC0D}.Debug|Win32.ActiveCfg = Debug|Win32
		{C58ACCA1-E766-4EFD-A002-D17C400ACC0D}.Debug|Win32.Build.0 = Debug|Win32
		{C58ACCA1-E766-4EFD-A002-D17C400ACC0D}.Debug|x64.ActiveCfg = Debug|x64
		{C58ACCA1-E766-4EFD-A002-D17C400ACC0D}.Debug|x64.Build.0 = Debug|x64
		{C58ACCA1-E766-4EFD-A002-D17C400ACC0D}.Release|Win32.ActiveCfg = Release|Win32
		{C58ACCA1-E766-4EFD-A002-D17C400ACC0D}.Release|Win32.Build.0 = Release|Win32
		{C58ACCA1-E766-4EFD-A002-D17C400ACC0D}.Release|x64.ActiveCfg = Release|x64
		{C58ACCA1-E766-4EFD-A002-D17C400ACC0D}.Release|x64.Build.0 = Release|x64
	EndGlobalSection
	GlobalSection(SolutionProperties) = preSolution
		HideSolutionNode = FALSE
	EndGlobalSection
	GlobalSection(ExtensibilityGlobals) = postSolution
		SolutionGuid = {C6A12794-F918-4A1C-A580-D582213F637E}
	EndGlobalSection
EndGlobal
